
Microsoft Visual Studio Solution File, Format Version 12.00
# Visual Studio Version 16
VisualStudioVersion = 16.0.29609.76
MinimumVisualStudioVersion = 10.0.40219.1
Project("{FAE04EC0-301F-11D3-BF4B-00C04F79EFBC}") = "Snake_GL", "Snake_GL\Snake_GL.csproj", "{575FDF74-9775-46F7-AD44-4A9BC79B1A26}"
EndProject
Global
	GlobalSection(SolutionConfigurationPlatforms) = preSolution
		Debug|Any CPU = Debug|Any CPU
		Release|Any CPU = Release|Any CPU
	EndGlobalSection
	GlobalSection(ProjectConfigurationPlatforms) = postSolution
		{575FDF74-9775-46F7-AD44-4A9BC79B1A26}.Debug|Any CPU.ActiveCfg = Debug|Any CPU
		{575FDF74-9775-46F7-AD44-4A9BC79B1A26}.Debug|Any CPU.Build.0 = Debug|Any CPU
		{575FDF74-9775-46F7-AD44-4A9BC79B1A26}.Release|Any CPU.ActiveCfg = Release|Any CPU
		{575FDF74-9775-46F7-AD44-4A9BC79B1A26}.Release|Any CPU.Build.0 = Release|Any CPU
	EndGlobalSection
	GlobalSection(SolutionProperties) = preSolution
		HideSolutionNode = FALSE
	EndGlobalSection
	GlobalSection(ExtensibilityGlobals) = postSolution
		SolutionGuid = {7F05CA14-8F9E-4476-851D-1D7DDCC214CA}
	EndGlobalSection
EndGlobal
